
Microsoft Visual Studio Solution File, Format Version 12.00
# Visual Studio Version 16
VisualStudioVersion = 16.0.34729.46
MinimumVisualStudioVersion = 10.0.40219.1
Project("{FAE04EC0-301F-11D3-BF4B-00C04F79EFBC}") = "connected data", "connected data\connected data.csproj", "{2DE1152D-9F24-4A8E-BE54-0DA7D337A16C}"
EndProject
Project("{FAE04EC0-301F-11D3-BF4B-00C04F79EFBC}") = "prjSinhVienHDT", "..\prjSinhVienHDT\prjSinhVienHDT.csproj", "{A75226B3-F3BE-4217-848C-3A8F474D7A33}"
EndProject
Global
	GlobalSection(SolutionConfigurationPlatforms) = preSolution
		Debug|Any CPU = Debug|Any CPU
		Release|Any CPU = Release|Any CPU
	EndGlobalSection
	GlobalSection(ProjectConfigurationPlatforms) = postSolution
		{2DE1152D-9F24-4A8E-BE54-0DA7D337A16C}.Debug|Any CPU.ActiveCfg = Debug|Any CPU
		{2DE1152D-9F24-4A8E-BE54-0DA7D337A16C}.Debug|Any CPU.Build.0 = Debug|Any CPU
		{2DE1152D-9F24-4A8E-BE54-0DA7D337A16C}.Release|Any CPU.ActiveCfg = Release|Any CPU
		{2DE1152D-9F24-4A8E-BE54-0DA7D337A16C}.Release|Any CPU.Build.0 = Release|Any CPU
		{A75226B3-F3BE-4217-848C-3A8F474D7A33}.Debug|Any CPU.ActiveCfg = Debug|Any CPU
		{A75226B3-F3BE-4217-848C-3A8F474D7A33}.Debug|Any CPU.Build.0 = Debug|Any CPU
		{A75226B3-F3BE-4217-848C-3A8F474D7A33}.Release|Any CPU.ActiveCfg = Release|Any CPU
		{A75226B3-F3BE-4217-848C-3A8F474D7A33}.Release|Any CPU.Build.0 = Release|Any CPU
	EndGlobalSection
	GlobalSection(SolutionProperties) = preSolution
		HideSolutionNode = FALSE
	EndGlobalSection
	GlobalSection(ExtensibilityGlobals) = postSolution
		SolutionGuid = {E2D9D1D5-7922-4E6D-9D9F-575530DCDBB2}
	EndGlobalSection
EndGlobal
